// !$*UTF8*$!
{
	archiveVersion = 1;
	classes = {
	};
	objectVersion = 50;
	objects = {

/* Begin PBXBuildFile section */
		18306B9423B515C300C81FCA /* AppDelegate.swift in Sources */ = {isa = PBXBuildFile; fileRef = 18306B9323B515C300C81FCA /* AppDelegate.swift */; };
		18306B9623B515C300C81FCA /* SceneDelegate.swift in Sources */ = {isa = PBXBuildFile; fileRef = 18306B9523B515C300C81FCA /* SceneDelegate.swift */; };
		18306B9823B515C300C81FCA /* ContentView.swift in Sources */ = {isa = PBXBuildFile; fileRef = 18306B9723B515C300C81FCA /* ContentView.swift */; };
		18306B9A23B515C700C81FCA /* Assets.xcassets in Resources */ = {isa = PBXBuildFile; fileRef = 18306B9923B515C700C81FCA /* Assets.xcassets */; };
		18306B9D23B515C700C81FCA /* Preview Assets.xcassets in Resources */ = {isa = PBXBuildFile; fileRef = 18306B9C23B515C700C81FCA /* Preview Assets.xcassets */; };
		18306BA023B515C700C81FCA /* LaunchScreen.storyboard in Resources */ = {isa = PBXBuildFile; fileRef = 18306B9E23B515C700C81FCA /* LaunchScreen.storyboard */; };
/* End PBXBuildFile section */

/* Begin PBXFileReference section */
		18306B9023B515C300C81FCA /* SimpleLokalizeApp.app */ = {isa = PBXFileReference; explicitFileType = wrapper.application; includeInIndex = 0; path = SimpleLokalizeApp.app; sourceTree = BUILT_PRODUCTS_DIR; };
		18306B9323B515C300C81FCA /* AppDelegate.swift */ = {isa = PBXFileReference; lastKnownFileType = sourcecode.swift; path = AppDelegate.swift; sourceTree = "<group>"; };
		18306B9523B515C300C81FCA /* SceneDelegate.swift */ = {isa = PBXFileReference; lastKnownFileType = sourcecode.swift; path = SceneDelegate.swift; sourceTree = "<group>"; };
		18306B9723B515C300C81FCA /* ContentView.swift */ = {isa = PBXFileReference; lastKnownFileType = sourcecode.swift; path = ContentView.swift; sourceTree = "<group>"; };
		18306B9923B515C700C81FCA /* Assets.xcassets */ = {isa = PBXFileReference; lastKnownFileType = folder.assetcatalog; path = Assets.xcassets; sourceTree = "<group>"; };
		18306B9C23B515C700C81FCA /* Preview Assets.xcassets */ = {isa = PBXFileReference; lastKnownFileType = folder.assetcatalog; path = "Preview Assets.xcassets"; sourceTree = "<group>"; };
		18306B9F23B515C700C81FCA /* Base */ = {isa = PBXFileReference; lastKnownFileType = file.storyboard; name = Base; path = Base.lproj/LaunchScreen.storyboard; sourceTree = "<group>"; };
		18306BA123B515C700C81FCA /* Info.plist */ = {isa = PBXFileReference; lastKnownFileType = text.plist.xml; path = Info.plist; sourceTree = "<group>"; };
/* End PBXFileReference section */

/* Begin PBXFrameworksBuildPhase section */
		18306B8D23B515C300C81FCA /* Frameworks */ = {
			isa = PBXFrameworksBuildPhase;
			buildActionMask = 2147483647;
			files = (
			);
			runOnlyForDeploymentPostprocessing = 0;
		};
/* End PBXFrameworksBuildPhase section */

/* Begin PBXGroup section */
		18306B8723B515C300C81FCA = {
			isa = PBXGroup;
			children = (
				18306B9223B515C300C81FCA /* SimpleLokalizeApp */,
				18306B9123B515C300C81FCA /* Products */,
			);
			sourceTree = "<group>";
		};
		18306B9123B515C300C81FCA /* Products */ = {
			isa = PBXGroup;
			children = (
				18306B9023B515C300C81FCA /* SimpleLokalizeApp.app */,
			);
			name = Products;
			sourceTree = "<group>";
		};
		18306B9223B515C300C81FCA /* SimpleLokalizeApp */ = {
			isa = PBXGroup;
			children = (
				18306B9323B515C300C81FCA /* AppDelegate.swift */,
				18306B9523B515C300C81FCA /* SceneDelegate.swift */,
				18306B9723B515C300C81FCA /* ContentView.swift */,
				18306B9923B515C700C81FCA /* Assets.xcassets */,
				18306B9E23B515C700C81FCA /* LaunchScreen.storyboard */,
				18306BA123B515C700C81FCA /* Info.plist */,
				18306B9B23B515C700C81FCA /* Preview Content */,
			);
			path = SimpleLokalizeApp;
			sourceTree = "<group>";
		};
		18306B9B23B515C700C81FCA /* Preview Content */ = {
			isa = PBXGroup;
			children = (
				18306B9C23B515C700C81FCA /* Preview Assets.xcassets */,
			);
			path = "Preview Content";
			sourceTree = "<group>";
		};
/* End PBXGroup section */

/* Begin PBXNativeTarget section */
		18306B8F23B515C300C81FCA /* SimpleLokalizeApp */ = {
			isa = PBXNativeTarget;
			buildConfigurationList = 18306BA423B515C700C81FCA /* Build configuration list for PBXNativeTarget "SimpleLokalizeApp" */;
			buildPhases = (
				18306B8C23B515C300C81FCA /* Sources */,
				18306B8D23B515C300C81FCA /* Frameworks */,
				18306B8E23B515C300C81FCA /* Resources */,
			);
			buildRules = (
			);
			dependencies = (
			);
			name = SimpleLokalizeApp;
			productName = SimpleLokalizeApp;
			productReference = 18306B9023B515C300C81FCA /* SimpleLokalizeApp.app */;
			productType = "com.apple.product-type.application";
		};
/* End PBXNativeTarget section */

/* Begin PBXProject section */
		18306B8823B515C300C81FCA /* Project object */ = {
			isa = PBXProject;
			attributes = {
				LastSwiftUpdateCheck = 1110;
				LastUpgradeCheck = 1110;
				ORGANIZATIONNAME = Apple;
				TargetAttributes = {
					18306B8F23B515C300C81FCA = {
						CreatedOnToolsVersion = 11.1;
					};
				};
			};
			buildConfigurationList = 18306B8B23B515C300C81FCA /* Build configuration list for PBXProject "SimpleLokalizeApp" */;
			compatibilityVersion = "Xcode 9.3";
			developmentRegion = en;
			hasScannedForEncodings = 0;
			knownRegions = (
				en,
				Base,
			);
			mainGroup = 18306B8723B515C300C81FCA;
			productRefGroup = 18306B9123B515C300C81FCA /* Products */;
			projectDirPath = "";
			projectRoot = "";
			targets = (
				18306B8F23B515C300C81FCA /* SimpleLokalizeApp */,
			);
		};
/* End PBXProject section */

/* Begin PBXResourcesBuildPhase section */
		18306B8E23B515C300C81FCA /* Resources */ = {
			isa = PBXResourcesBuildPhase;
			buildActionMask = 2147483647;
			files = (
				18306BA023B515C700C81FCA /* LaunchScreen.storyboard in Resources */,
				18306B9D23B515C700C81FCA /* Preview Assets.xcassets in Resources */,
				18306B9A23B515C700C81FCA /* Assets.xcassets in Resources */,
			);
			runOnlyForDeploymentPostprocessing = 0;
		};
/* End PBXResourcesBuildPhase section */

/* Begin PBXSourcesBuildPhase section */
		18306B8C23B515C300C81FCA /* Sources */ = {
			isa = PBXSourcesBuildPhase;
			buildActionMask = 2147483647;
			files = (
				18306B9423B515C300C81FCA /* AppDelegate.swift in Sources */,
				18306B9623B515C300C81FCA /* SceneDelegate.swift in Sources */,
				18306B9823B515C300C81FCA /* ContentView.swift in Sources */,
			);
			runOnlyForDeploymentPostprocessing = 0;
		};
/* End PBXSourcesBuildPhase section */

/* Begin PBXVariantGroup section */
		18306B9E23B515C700C81FCA /* LaunchScreen.storyboard */ = {
			isa = PBXVariantGroup;
			children = (
				18306B9F23B515C700C81FCA /* Base */,
			);
			name = LaunchScreen.storyboard;
			sourceTree = "<group>";
		};
/* End PBXVariantGroup section */

/* Begin XCBuildConfiguration section */
		18306BA223B515C700C81FCA /* Debug */ = {
			isa = XCBuildConfiguration;
			buildSettings = {
				ALWAYS_SEARCH_USER_PATHS = NO;
				CLANG_ANALYZER_NONNULL = YES;
				CLANG_ANALYZER_NUMBER_OBJECT_CONVERSION = YES_AGGRESSIVE;
				CLANG_CXX_LANGUAGE_STANDARD = "gnu++14";
				CLANG_CXX_LIBRARY = "libc++";
				CLANG_ENABLE_MODULES = YES;
				CLANG_ENABLE_OBJC_ARC = YES;
				CLANG_ENABLE_OBJC_WEAK = YES;
				CLANG_WARN_BLOCK_CAPTURE_AUTORELEASING = YES;
				CLANG_WARN_BOOL_CONVERSION = YES;
				CLANG_WARN_COMMA = YES;
				CLANG_WARN_CONSTANT_CONVERSION = YES;
				CLANG_WARN_DEPRECATED_OBJC_IMPLEMENTATIONS = YES;
				CLANG_WARN_DIRECT_OBJC_ISA_USAGE = YES_ERROR;
				CLANG_WARN_DOCUMENTATION_COMMENTS = YES;
				CLANG_WARN_EMPTY_BODY = YES;
				CLANG_WARN_ENUM_CONVERSION = YES;
				CLANG_WARN_INFINITE_RECURSION = YES;
				CLANG_WARN_INT_CONVERSION = YES;
				CLANG_WARN_NON_LITERAL_NULL_CONVERSION = YES;
				CLANG_WARN_OBJC_IMPLICIT_RETAIN_SELF = YES;
				CLANG_WARN_OBJC_LITERAL_CONVERSION = YES;
				CLANG_WARN_OBJC_ROOT_CLASS = YES_ERROR;
				CLANG_WARN_RANGE_LOOP_ANALYSIS = YES;
				CLANG_WARN_STRICT_PROTOTYPES = YES;
				CLANG_WARN_SUSPICIOUS_MOVE = YES;
				CLANG_WARN_UNGUARDED_AVAILABILITY = YES_AGGRESSIVE;
				CLANG_WARN_UNREACHABLE_CODE = YES;
				CLANG_WARN__DUPLICATE_METHOD_MATCH = YES;
				COPY_PHASE_STRIP = NO;
				DEBUG_INFORMATION_FORMAT = dwarf;
				ENABLE_STRICT_OBJC_MSGSEND = YES;
				ENABLE_TESTABILITY = YES;
				GCC_C_LANGUAGE_STANDARD = gnu11;
				GCC_DYNAMIC_NO_PIC = NO;
				GCC_NO_COMMON_BLOCKS = YES;
				GCC_OPTIMIZATION_LEVEL = 0;
				GCC_PREPROCESSOR_DEFINITIONS = (
					"DEBUG=1",
					"$(inherited)",
				);
				GCC_WARN_64_TO_32_BIT_CONVERSION = YES;
				GCC_WARN_ABOUT_RETURN_TYPE = YES_ERROR;
				GCC_WARN_UNDECLARED_SELECTOR = YES;
				GCC_WARN_UNINITIALIZED_AUTOS = YES_AGGRESSIVE;
				GCC_WARN_UNUSED_FUNCTION = YES;
				GCC_WARN_UNUSED_VARIABLE = YES;
				IPHONEOS_DEPLOYMENT_TARGET = 13.1;
				MTL_ENABLE_DEBUG_INFO = INCLUDE_SOURCE;
				MTL_FAST_MATH = YES;
				ONLY_ACTIVE_ARCH = YES;
				SDKROOT = iphoneos;
				SWIFT_ACTIVE_COMPILATION_CONDITIONS = DEBUG;
				SWIFT_OPTIMIZATION_LEVEL = "-Onone";
			};
			name = Debug;
		};
		18306BA323B515C700C81FCA /* Release */ = {
			isa = XCBuildConfiguration;
			buildSettings = {
				ALWAYS_SEARCH_USER_PATHS = NO;
				CLANG_ANALYZER_NONNULL = YES;
				CLANG_ANALYZER_NUMBER_OBJECT_CONVERSION = YES_AGGRESSIVE;
				CLANG_CXX_LANGUAGE_STANDARD = "gnu++14";
				CLANG_CXX_LIBRARY = "libc++";
				CLANG_ENABLE_MODULES = YES;
				CLANG_ENABLE_OBJC_ARC = YES;
				CLANG_ENABLE_OBJC_WEAK = YES;
				CLANG_WARN_BLOCK_CAPTURE_AUTORELEASING = YES;
				CLANG_WARN_BOOL_CONVERSION = YES;
				CLANG_WARN_COMMA = YES;
				CLANG_WARN_CONSTANT_CONVERSION = YES;
				CLANG_WARN_DEPRECATED_OBJC_IMPLEMENTATIONS = YES;
				CLANG_WARN_DIRECT_OBJC_ISA_USAGE = YES_ERROR;
				CLANG_WARN_DOCUMENTATION_COMMENTS = YES;
				CLANG_WARN_EMPTY_BODY = YES;
				CLANG_WARN_ENUM_CONVERSION = YES;
				CLANG_WARN_INFINITE_RECURSION = YES;
				CLANG_WARN_INT_CONVERSION = YES;
				CLANG_WARN_NON_LITERAL_NULL_CONVERSION = YES;
				CLANG_WARN_OBJC_IMPLICIT_RETAIN_SELF = YES;
				CLANG_WARN_OBJC_LITERAL_CONVERSION = YES;
				CLANG_WARN_OBJC_ROOT_CLASS = YES_ERROR;
				CLANG_WARN_RANGE_LOOP_ANALYSIS = YES;
				CLANG_WARN_STRICT_PROTOTYPES = YES;
				CLANG_WARN_SUSPICIOUS_MOVE = YES;
				CLANG_WARN_UNGUARDED_AVAILABILITY = YES_AGGRESSIVE;
				CLANG_WARN_UNREACHABLE_CODE = YES;
				CLANG_WARN__DUPLICATE_METHOD_MATCH = YES;
				COPY_PHASE_STRIP = NO;
				DEBUG_INFORMATION_FORMAT = "dwarf-with-dsym";
				ENABLE_NS_ASSERTIONS = NO;
				ENABLE_STRICT_OBJC_MSGSEND = YES;
				GCC_C_LANGUAGE_STANDARD = gnu11;
				GCC_NO_COMMON_BLOCKS = YES;
				GCC_WARN_64_TO_32_BIT_CONVERSION = YES;
				GCC_WARN_ABOUT_RETURN_TYPE = YES_ERROR;
				GCC_WARN_UNDECLARED_SELECTOR = YES;
				GCC_WARN_UNINITIALIZED_AUTOS = YES_AGGRESSIVE;
				GCC_WARN_UNUSED_FUNCTION = YES;
				GCC_WARN_UNUSED_VARIABLE = YES;
				IPHONEOS_DEPLOYMENT_TARGET = 13.1;
				MTL_ENABLE_DEBUG_INFO = NO;
				MTL_FAST_MATH = YES;
				SDKROOT = iphoneos;
				SWIFT_COMPILATION_MODE = wholemodule;
				SWIFT_OPTIMIZATION_LEVEL = "-O";
				VALIDATE_PRODUCT = YES;
			};
			name = Release;
		};
		18306BA523B515C700C81FCA /* Debug */ = {
			isa = XCBuildConfiguration;
			buildSettings = {
				ASSETCATALOG_COMPILER_APPICON_NAME = AppIcon;
				CODE_SIGN_STYLE = Automatic;
				DEVELOPMENT_ASSET_PATHS = "\"SimpleLokalizeApp/Preview Content\"";
				DEVELOPMENT_TEAM = GF6D6HJP7J;
				ENABLE_PREVIEWS = YES;
				INFOPLIST_FILE = SimpleLokalizeApp/Info.plist;
				LD_RUNPATH_SEARCH_PATHS = (
					"$(inherited)",
					"@executable_path/Frameworks",
				);
				PRODUCT_BUNDLE_IDENTIFIER = com.rk.SimpleLokalizeApp;
				PRODUCT_NAME = "$(TARGET_NAME)";
				SWIFT_VERSION = 5.0;
				TARGETED_DEVICE_FAMILY = "1,2";
			};
			name = Debug;
		};
		18306BA623B515C700C81FCA /* Release */ = {
			isa = XCBuildConfiguration;
			buildSettings = {
				ASSETCATALOG_COMPILER_APPICON_NAME = AppIcon;
				CODE_SIGN_STYLE = Automatic;
				DEVELOPMENT_ASSET_PATHS = "\"SimpleLokalizeApp/Preview Content\"";
				DEVELOPMENT_TEAM = GF6D6HJP7J;
				ENABLE_PREVIEWS = YES;
				INFOPLIST_FILE = SimpleLokalizeApp/Info.plist;
				LD_RUNPATH_SEARCH_PATHS = (
					"$(inherited)",
					"@executable_path/Frameworks",
				);
				PRODUCT_BUNDLE_IDENTIFIER = com.rk.SimpleLokalizeApp;
				PRODUCT_NAME = "$(TARGET_NAME)";
				SWIFT_VERSION = 5.0;
				TARGETED_DEVICE_FAMILY = "1,2";
			};
			name = Release;
		};
/* End XCBuildConfiguration section */

/* Begin XCConfigurationList section */
		18306B8B23B515C300C81FCA /* Build configuration list for PBXProject "SimpleLokalizeApp" */ = {
			isa = XCConfigurationList;
			buildConfigurations = (
				18306BA223B515C700C81FCA /* Debug */,
				18306BA323B515C700C81FCA /* Release */,
			);
			defaultConfigurationIsVisible = 0;
			defaultConfigurationName = Release;
		};
		18306BA423B515C700C81FCA /* Build configuration list for PBXNativeTarget "SimpleLokalizeApp" */ = {
			isa = XCConfigurationList;
			buildConfigurations = (
				18306BA523B515C700C81FCA /* Debug */,
				18306BA623B515C700C81FCA /* Release */,
			);
			defaultConfigurationIsVisible = 0;
			defaultConfigurationName = Release;
		};
/* End XCConfigurationList section */
	};
	rootObject = 18306B8823B515C300C81FCA /* Project object */;
}
